
Microsoft Visual Studio Solution File, Format Version 12.00
# Visual Studio 15
VisualStudioVersion = 15.0.27703.2042
MinimumVisualStudioVersion = 10.0.40219.1
Project("{FAE04EC0-301F-11D3-BF4B-00C04F79EFBC}") = "AniNeko", "AniNeko\AniNeko.csproj", "{E707046E-370A-4C7D-A26B-2D1B203E026F}"
EndProject
Global
	GlobalSection(SolutionConfigurationPlatforms) = preSolution
		Debug|Any CPU = Debug|Any CPU
		Release|Any CPU = Release|Any CPU
	EndGlobalSection
	GlobalSection(ProjectConfigurationPlatforms) = postSolution
		{E707046E-370A-4C7D-A26B-2D1B203E026F}.Debug|Any CPU.ActiveCfg = Debug|Any CPU
		{E707046E-370A-4C7D-A26B-2D1B203E026F}.Debug|Any CPU.Build.0 = Debug|Any CPU
		{E707046E-370A-4C7D-A26B-2D1B203E026F}.Release|Any CPU.ActiveCfg = Release|Any CPU
		{E707046E-370A-4C7D-A26B-2D1B203E026F}.Release|Any CPU.Build.0 = Release|Any CPU
	EndGlobalSection
	GlobalSection(SolutionProperties) = preSolution
		HideSolutionNode = FALSE
	EndGlobalSection
	GlobalSection(ExtensibilityGlobals) = postSolution
		SolutionGuid = {61AD7FF3-87CC-4D83-B6D1-EA2ECC6241A0}
	EndGlobalSection
EndGlobal
